
Microsoft Visual Studio Solution File, Format Version 12.00
# Visual Studio Version 17
VisualStudioVersion = 17.8.34309.116
MinimumVisualStudioVersion = 10.0.40219.1
Project("{FAE04EC0-301F-11D3-BF4B-00C04F79EFBC}") = "AutoPark_Spectech_HW", "AutoPark_Spectech_HW\AutoPark_Spectech_HW.csproj", "{8B269925-2136-4E04-B4CC-74AACB90C7E8}"
EndProject
Global
	GlobalSection(SolutionConfigurationPlatforms) = preSolution
		Debug|Any CPU = Debug|Any CPU
		Release|Any CPU = Release|Any CPU
	EndGlobalSection
	GlobalSection(ProjectConfigurationPlatforms) = postSolution
		{8B269925-2136-4E04-B4CC-74AACB90C7E8}.Debug|Any CPU.ActiveCfg = Debug|Any CPU
		{8B269925-2136-4E04-B4CC-74AACB90C7E8}.Debug|Any CPU.Build.0 = Debug|Any CPU
		{8B269925-2136-4E04-B4CC-74AACB90C7E8}.Release|Any CPU.ActiveCfg = Release|Any CPU
		{8B269925-2136-4E04-B4CC-74AACB90C7E8}.Release|Any CPU.Build.0 = Release|Any CPU
	EndGlobalSection
	GlobalSection(SolutionProperties) = preSolution
		HideSolutionNode = FALSE
	EndGlobalSection
	GlobalSection(ExtensibilityGlobals) = postSolution
		SolutionGuid = {78217E1B-542A-4D6E-8122-BAA7209103A1}
	EndGlobalSection
EndGlobal
